
Microsoft Visual Studio Solution File, Format Version 12.00
# Visual Studio 15
VisualStudioVersion = 15.0.28307.489
MinimumVisualStudioVersion = 10.0.40219.1
Project("{2150E333-8FDC-42A3-9474-1A3956D46DE8}") = "src", "src", "{DA12459C-E5D1-45E1-894F-A2F34ABD8ADA}"
EndProject
Project("{9A19103F-16F7-4668-BE54-9A1E7A4F7556}") = "DotnetCore.Identity.Data", "src\DotnetCore.Identity.Data\DotnetCore.Identity.Data.csproj", "{FFC13A3C-32F1-456F-83CC-0B1CF0B2B13A}"
EndProject
Project("{FAE04EC0-301F-11D3-BF4B-00C04F79EFBC}") = "DotnetCore.Identity.Host", "src\DotnetCore.Identity.Host\DotnetCore.Identity.Host.csproj", "{6E853898-B5BE-460F-B874-38E6CB53AE36}"
EndProject
Global
	GlobalSection(SolutionConfigurationPlatforms) = preSolution
		Debug|Any CPU = Debug|Any CPU
		Release|Any CPU = Release|Any CPU
	EndGlobalSection
	GlobalSection(ProjectConfigurationPlatforms) = postSolution
		{FFC13A3C-32F1-456F-83CC-0B1CF0B2B13A}.Debug|Any CPU.ActiveCfg = Debug|Any CPU
		{FFC13A3C-32F1-456F-83CC-0B1CF0B2B13A}.Debug|Any CPU.Build.0 = Debug|Any CPU
		{FFC13A3C-32F1-456F-83CC-0B1CF0B2B13A}.Release|Any CPU.ActiveCfg = Release|Any CPU
		{FFC13A3C-32F1-456F-83CC-0B1CF0B2B13A}.Release|Any CPU.Build.0 = Release|Any CPU
		{6E853898-B5BE-460F-B874-38E6CB53AE36}.Debug|Any CPU.ActiveCfg = Debug|Any CPU
		{6E853898-B5BE-460F-B874-38E6CB53AE36}.Debug|Any CPU.Build.0 = Debug|Any CPU
		{6E853898-B5BE-460F-B874-38E6CB53AE36}.Release|Any CPU.ActiveCfg = Release|Any CPU
		{6E853898-B5BE-460F-B874-38E6CB53AE36}.Release|Any CPU.Build.0 = Release|Any CPU
	EndGlobalSection
	GlobalSection(SolutionProperties) = preSolution
		HideSolutionNode = FALSE
	EndGlobalSection
	GlobalSection(NestedProjects) = preSolution
		{FFC13A3C-32F1-456F-83CC-0B1CF0B2B13A} = {DA12459C-E5D1-45E1-894F-A2F34ABD8ADA}
		{6E853898-B5BE-460F-B874-38E6CB53AE36} = {DA12459C-E5D1-45E1-894F-A2F34ABD8ADA}
	EndGlobalSection
	GlobalSection(ExtensibilityGlobals) = postSolution
		SolutionGuid = {2003C166-72EB-49E1-879B-767AD896B6EF}
	EndGlobalSection
EndGlobal
